PODS:
  - Alamofire (2.0.2)
  - HanekeSwift (0.10.0)
  - Realm (0.95.0):
    - Realm/Headers (= 0.95.0)
  - Realm/Headers (0.95.0)
  - RealmSwift (0.95.0):
    - Realm (= 0.95.0)

DEPENDENCIES:
  - Alamofire (~> 2.0)
  - HanekeSwift
  - Realm (from `https://github.com/realm/realm-cocoa.git`, branch `swift-2.0`)
  - RealmSwift (from `https://github.com/realm/realm-cocoa.git`, branch `swift-2.0`)

EXTERNAL SOURCES:
  Realm:
    :branch: swift-2.0
    :git: https://github.com/realm/realm-cocoa.git
  RealmSwift:
    :branch: swift-2.0
    :git: https://github.com/realm/realm-cocoa.git

CHECKOUT OPTIONS:
  Realm:
    :commit: 8e21055aa54412a69c4ff73b8a808b7893101b12
    :git: https://github.com/realm/realm-cocoa.git
  RealmSwift:
    :commit: 8e21055aa54412a69c4ff73b8a808b7893101b12
    :git: https://github.com/realm/realm-cocoa.git

SPEC CHECKSUMS:
  Alamofire: 8edbab00802a752bb5240cc2abe70e7e881488ad
  HanekeSwift: d6f5bdf9dbdbbc09d59623b2c1d533e46463dd4d
  Realm: 1c28007bd496af94dba8c76d50719164e706a521
  RealmSwift: 9864524dd99c2cb7b4643c29513ef8447fe63724

COCOAPODS: 0.38.2
