// !$*UTF8*$!
{
	archiveVersion = 1;
	classes = {
	};
	objectVersion = 46;
	objects = {

/* Begin PBXBuildFile section */
		4155EEC31BCD414900569DC9 /* ConferenceDataStore.swift in Sources */ = {isa = PBXBuildFile; fileRef = 4155EEC21BCD414900569DC9 /* ConferenceDataStore.swift */; };
		4155EEC41BCD414900569DC9 /* ConferenceDataStore.swift in Sources */ = {isa = PBXBuildFile; fileRef = 4155EEC21BCD414900569DC9 /* ConferenceDataStore.swift */; };
		5B1F807D1B02997C004B97C5 /* ConferencesApp.xcdatamodeld in Sources */ = {isa = PBXBuildFile; fileRef = 5B1F807B1B02997C004B97C5 /* ConferencesApp.xcdatamodeld */; };
		5B6916741BDC1F9A00CAE3F0 /* OrderedDictionary.swift in Sources */ = {isa = PBXBuildFile; fileRef = 5B6916731BDC1F9A00CAE3F0 /* OrderedDictionary.swift */; };
		5B6916751BDC1F9A00CAE3F0 /* OrderedDictionary.swift in Sources */ = {isa = PBXBuildFile; fileRef = 5B6916731BDC1F9A00CAE3F0 /* OrderedDictionary.swift */; };
		5B69AAD61B074DF1001EDAF7 /* Reachability.swift in Sources */ = {isa = PBXBuildFile; fileRef = 5B69AAD51B074DF1001EDAF7 /* Reachability.swift */; };
		5B96A4F31BDD685D00601FA8 /* CustomHeaderCell.swift in Sources */ = {isa = PBXBuildFile; fileRef = 5B96A4F21BDD685D00601FA8 /* CustomHeaderCell.swift */; };
		5B96A4F41BDD685D00601FA8 /* CustomHeaderCell.swift in Sources */ = {isa = PBXBuildFile; fileRef = 5B96A4F21BDD685D00601FA8 /* CustomHeaderCell.swift */; };
		5B9F0A5D1AF5023900EE70C8 /* Conference.swift in Sources */ = {isa = PBXBuildFile; fileRef = 5B9F0A5C1AF5023900EE70C8 /* Conference.swift */; };
		5B9F56081C065CE90001C6EA /* MainController.swift in Sources */ = {isa = PBXBuildFile; fileRef = 5B9F56071C065CE90001C6EA /* MainController.swift */; };
		5BA999701B809C9500F81911 /* Main.storyboard in Resources */ = {isa = PBXBuildFile; fileRef = 5BC6633B1AF3BEE400976284 /* Main.storyboard */; };
		5BA999721B80A5EB00F81911 /* ConferenceWebViewController.swift in Sources */ = {isa = PBXBuildFile; fileRef = 5BA999711B80A5EB00F81911 /* ConferenceWebViewController.swift */; };
		5BA999731B80A65600F81911 /* ConferenceWebViewController.swift in Sources */ = {isa = PBXBuildFile; fileRef = 5BA999711B80A5EB00F81911 /* ConferenceWebViewController.swift */; };
		5BA999741B80A65800F81911 /* ConferenceWebViewController.swift in Sources */ = {isa = PBXBuildFile; fileRef = 5BA999711B80A5EB00F81911 /* ConferenceWebViewController.swift */; };
		5BB5344D1B642A8F0030CC9D /* ConferenceTableViewController.swift in Sources */ = {isa = PBXBuildFile; fileRef = 5BB5344C1B642A8F0030CC9D /* ConferenceTableViewController.swift */; };
		5BB534511B64321B0030CC9D /* ConferenceTableViewController.swift in Sources */ = {isa = PBXBuildFile; fileRef = 5BB5344C1B642A8F0030CC9D /* ConferenceTableViewController.swift */; };
		5BC663381AF3BEE400976284 /* AppDelegate.swift in Sources */ = {isa = PBXBuildFile; fileRef = 5BC663371AF3BEE400976284 /* AppDelegate.swift */; };
		5BC6633D1AF3BEE400976284 /* Main.storyboard in Resources */ = {isa = PBXBuildFile; fileRef = 5BC6633B1AF3BEE400976284 /* Main.storyboard */; };
		5BC6633F1AF3BEE400976284 /* Images.xcassets in Resources */ = {isa = PBXBuildFile; fileRef = 5BC6633E1AF3BEE400976284 /* Images.xcassets */; };
		5BC663421AF3BEE400976284 /* LaunchScreen.xib in Resources */ = {isa = PBXBuildFile; fileRef = 5BC663401AF3BEE400976284 /* LaunchScreen.xib */; };
		5BC6634E1AF3BEE400976284 /* ConferencesAppTests.swift in Sources */ = {isa = PBXBuildFile; fileRef = 5BC6634D1AF3BEE400976284 /* ConferencesAppTests.swift */; };
		5BC6635A1AF3C18800976284 /* MainTableViewController.swift in Sources */ = {isa = PBXBuildFile; fileRef = 5BC663591AF3C18800976284 /* MainTableViewController.swift */; };
		5BDDDA481B11BA75006C4C28 /* Secrets.swift in Sources */ = {isa = PBXBuildFile; fileRef = 5BDDDA471B11BA75006C4C28 /* Secrets.swift */; };
		783C1AF336EC1438BC9FAC13 /* Pods.framework in Frameworks */ = {isa = PBXBuildFile; fileRef = AE73C3B2AA2B0188D65D8B65 /* Pods.framework */; };
		D87319AA1B340DBD00DD4BA2 /* ConferencesApp.xcdatamodeld in Sources */ = {isa = PBXBuildFile; fileRef = 5B1F807B1B02997C004B97C5 /* ConferencesApp.xcdatamodeld */; };
		D87319AB1B340DBD00DD4BA2 /* Secrets.swift in Sources */ = {isa = PBXBuildFile; fileRef = 5BDDDA471B11BA75006C4C28 /* Secrets.swift */; };
		D87319AE1B340DBD00DD4BA2 /* MainTableViewController.swift in Sources */ = {isa = PBXBuildFile; fileRef = 5BC663591AF3C18800976284 /* MainTableViewController.swift */; };
		D87319AF1B340DBD00DD4BA2 /* Reachability.swift in Sources */ = {isa = PBXBuildFile; fileRef = 5B69AAD51B074DF1001EDAF7 /* Reachability.swift */; };
		D87319B01B340DBD00DD4BA2 /* AppDelegate.swift in Sources */ = {isa = PBXBuildFile; fileRef = 5BC663371AF3BEE400976284 /* AppDelegate.swift */; };
		D87319B11B340DBD00DD4BA2 /* Conference.swift in Sources */ = {isa = PBXBuildFile; fileRef = 5B9F0A5C1AF5023900EE70C8 /* Conference.swift */; };
		D87319B31B340DBD00DD4BA2 /* Pods.framework in Frameworks */ = {isa = PBXBuildFile; fileRef = AE73C3B2AA2B0188D65D8B65 /* Pods.framework */; settings = {ATTRIBUTES = (Weak, ); }; };
		D87319B51B340DBD00DD4BA2 /* Main.storyboard in Resources */ = {isa = PBXBuildFile; fileRef = 5BC6633B1AF3BEE400976284 /* Main.storyboard */; };
		D87319B61B340DBD00DD4BA2 /* LaunchScreen.xib in Resources */ = {isa = PBXBuildFile; fileRef = 5BC663401AF3BEE400976284 /* LaunchScreen.xib */; };
		D87319B71B340DBD00DD4BA2 /* Images.xcassets in Resources */ = {isa = PBXBuildFile; fileRef = 5BC6633E1AF3BEE400976284 /* Images.xcassets */; };
/* End PBXBuildFile section */

/* Begin PBXContainerItemProxy section */
		5BC663481AF3BEE400976284 /* PBXContainerItemProxy */ = {
			isa = PBXContainerItemProxy;
			containerPortal = 5BC6632A1AF3BEE400976284 /* Project object */;
			proxyType = 1;
			remoteGlobalIDString = 5BC663311AF3BEE400976284;
			remoteInfo = ConferencesApp;
		};
/* End PBXContainerItemProxy section */

/* Begin PBXCopyFilesBuildPhase section */
		5B21987E1AF3C3A700F2F39F /* Embed Frameworks */ = {
			isa = PBXCopyFilesBuildPhase;
			buildActionMask = 2147483647;
			dstPath = "";
			dstSubfolderSpec = 10;
			files = (
			);
			name = "Embed Frameworks";
			runOnlyForDeploymentPostprocessing = 0;
		};
		D87319B81B340DBD00DD4BA2 /* Embed Frameworks */ = {
			isa = PBXCopyFilesBuildPhase;
			buildActionMask = 2147483647;
			dstPath = "";
			dstSubfolderSpec = 10;
			files = (
			);
			name = "Embed Frameworks";
			runOnlyForDeploymentPostprocessing = 0;
		};
/* End PBXCopyFilesBuildPhase section */

/* Begin PBXFileReference section */
		145E60EEBD0DFE8CD1CFBA57 /* Pods-rubyconferences.debug.xcconfig */ = {isa = PBXFileReference; includeInIndex = 1; lastKnownFileType = text.xcconfig; name = "Pods-rubyconferences.debug.xcconfig"; path = "Pods/Target Support Files/Pods-rubyconferences/Pods-rubyconferences.debug.xcconfig"; sourceTree = "<group>"; };
		244ADA0B84DA02347F850397 /* Pods.release.xcconfig */ = {isa = PBXFileReference; includeInIndex = 1; lastKnownFileType = text.xcconfig; name = Pods.release.xcconfig; path = "Pods/Target Support Files/Pods/Pods.release.xcconfig"; sourceTree = "<group>"; };
		4155EEC21BCD414900569DC9 /* ConferenceDataStore.swift */ = {isa = PBXFileReference; fileEncoding = 4; lastKnownFileType = sourcecode.swift; path = ConferenceDataStore.swift; sourceTree = "<group>"; };
		5B1F807C1B02997C004B97C5 /* ConferencesApp.xcdatamodel */ = {isa = PBXFileReference; lastKnownFileType = wrapper.xcdatamodel; path = ConferencesApp.xcdatamodel; sourceTree = "<group>"; };
		5B6916731BDC1F9A00CAE3F0 /* OrderedDictionary.swift */ = {isa = PBXFileReference; fileEncoding = 4; lastKnownFileType = sourcecode.swift; path = OrderedDictionary.swift; sourceTree = "<group>"; };
		5B69AAD51B074DF1001EDAF7 /* Reachability.swift */ = {isa = PBXFileReference; fileEncoding = 4; lastKnownFileType = sourcecode.swift; name = Reachability.swift; path = ../Reachability.swift; sourceTree = "<group>"; };
		5B8B91B11B03EADF00C46A40 /* RealmSwift.framework */ = {isa = PBXFileReference; lastKnownFileType = wrapper.framework; name = RealmSwift.framework; path = "../../Downloads/realm-swift-0.92.2/ios/RealmSwift.framework"; sourceTree = "<group>"; };
		5B96A4F21BDD685D00601FA8 /* CustomHeaderCell.swift */ = {isa = PBXFileReference; fileEncoding = 4; lastKnownFileType = sourcecode.swift; path = CustomHeaderCell.swift; sourceTree = "<group>"; };
		5B9F0A5C1AF5023900EE70C8 /* Conference.swift */ = {isa = PBXFileReference; fileEncoding = 4; lastKnownFileType = sourcecode.swift; path = Conference.swift; sourceTree = "<group>"; };
		5B9F56071C065CE90001C6EA /* MainController.swift */ = {isa = PBXFileReference; fileEncoding = 4; lastKnownFileType = sourcecode.swift; path = MainController.swift; sourceTree = "<group>"; };
		5BA999711B80A5EB00F81911 /* ConferenceWebViewController.swift */ = {isa = PBXFileReference; fileEncoding = 4; lastKnownFileType = sourcecode.swift; path = ConferenceWebViewController.swift; sourceTree = "<group>"; };
		5BB5344C1B642A8F0030CC9D /* ConferenceTableViewController.swift */ = {isa = PBXFileReference; fileEncoding = 4; lastKnownFileType = sourcecode.swift; path = ConferenceTableViewController.swift; sourceTree = "<group>"; };
		5BC663321AF3BEE400976284 /* ConferencesApp.app */ = {isa = PBXFileReference; explicitFileType = wrapper.application; includeInIndex = 0; path = ConferencesApp.app; sourceTree = BUILT_PRODUCTS_DIR; };
		5BC663361AF3BEE400976284 /* Info.plist */ = {isa = PBXFileReference; lastKnownFileType = text.plist.xml; path = Info.plist; sourceTree = "<group>"; };
		5BC663371AF3BEE400976284 /* AppDelegate.swift */ = {isa = PBXFileReference; lastKnownFileType = sourcecode.swift; path = AppDelegate.swift; sourceTree = "<group>"; };
		5BC6633C1AF3BEE400976284 /* Base */ = {isa = PBXFileReference; lastKnownFileType = file.storyboard; name = Base; path = Base.lproj/Main.storyboard; sourceTree = "<group>"; };
		5BC6633E1AF3BEE400976284 /* Images.xcassets */ = {isa = PBXFileReference; lastKnownFileType = folder.assetcatalog; path = Images.xcassets; sourceTree = "<group>"; };
		5BC663411AF3BEE400976284 /* Base */ = {isa = PBXFileReference; lastKnownFileType = file.xib; name = Base; path = Base.lproj/LaunchScreen.xib; sourceTree = "<group>"; };
		5BC663471AF3BEE400976284 /* ConferencesAppTest.xctest */ = {isa = PBXFileReference; explicitFileType = wrapper.cfbundle; includeInIndex = 0; path = ConferencesAppTest.xctest; sourceTree = BUILT_PRODUCTS_DIR; };
		5BC6634C1AF3BEE400976284 /* Info.plist */ = {isa = PBXFileReference; lastKnownFileType = text.plist.xml; path = Info.plist; sourceTree = "<group>"; };
		5BC6634D1AF3BEE400976284 /* ConferencesAppTests.swift */ = {isa = PBXFileReference; lastKnownFileType = sourcecode.swift; path = ConferencesAppTests.swift; sourceTree = "<group>"; };
		5BC663591AF3C18800976284 /* MainTableViewController.swift */ = {isa = PBXFileReference; fileEncoding = 4; lastKnownFileType = sourcecode.swift; path = MainTableViewController.swift; sourceTree = "<group>"; };
		5BDDDA471B11BA75006C4C28 /* Secrets.swift */ = {isa = PBXFileReference; fileEncoding = 4; lastKnownFileType = sourcecode.swift; path = Secrets.swift; sourceTree = "<group>"; };
		6283CE49B627565ECC2D5023 /* Pods_rubyconferences.framework */ = {isa = PBXFileReference; explicitFileType = wrapper.framework; includeInIndex = 0; path = Pods_rubyconferences.framework; sourceTree = BUILT_PRODUCTS_DIR; };
		A69EB08D2B05CA427E8456F2 /* Pods-rubyconferences.release.xcconfig */ = {isa = PBXFileReference; includeInIndex = 1; lastKnownFileType = text.xcconfig; name = "Pods-rubyconferences.release.xcconfig"; path = "Pods/Target Support Files/Pods-rubyconferences/Pods-rubyconferences.release.xcconfig"; sourceTree = "<group>"; };
		AE73C3B2AA2B0188D65D8B65 /* Pods.framework */ = {isa = PBXFileReference; explicitFileType = wrapper.framework; includeInIndex = 0; path = Pods.framework; sourceTree = BUILT_PRODUCTS_DIR; };
		C5804D1E3D17A7AA66EF62B5 /* Pods.debug.xcconfig */ = {isa = PBXFileReference; includeInIndex = 1; lastKnownFileType = text.xcconfig; name = Pods.debug.xcconfig; path = "Pods/Target Support Files/Pods/Pods.debug.xcconfig"; sourceTree = "<group>"; };
		D87319BE1B340DBD00DD4BA2 /* rubyraven.app */ = {isa = PBXFileReference; explicitFileType = wrapper.application; includeInIndex = 0; path = rubyraven.app; sourceTree = BUILT_PRODUCTS_DIR; };
		D87319BF1B340DBD00DD4BA2 /* rubyraven.plist */ = {isa = PBXFileReference; lastKnownFileType = text.plist.xml; path = rubyraven.plist; sourceTree = "<group>"; };
/* End PBXFileReference section */

/* Begin PBXFrameworksBuildPhase section */
		5BC6632F1AF3BEE400976284 /* Frameworks */ = {
			isa = PBXFrameworksBuildPhase;
			buildActionMask = 2147483647;
			files = (
				783C1AF336EC1438BC9FAC13 /* Pods.framework in Frameworks */,
			);
			runOnlyForDeploymentPostprocessing = 0;
		};
		5BC663441AF3BEE400976284 /* Frameworks */ = {
			isa = PBXFrameworksBuildPhase;
			buildActionMask = 2147483647;
			files = (
			);
			runOnlyForDeploymentPostprocessing = 0;
		};
		D87319B21B340DBD00DD4BA2 /* Frameworks */ = {
			isa = PBXFrameworksBuildPhase;
			buildActionMask = 2147483647;
			files = (
				D87319B31B340DBD00DD4BA2 /* Pods.framework in Frameworks */,
			);
			runOnlyForDeploymentPostprocessing = 0;
		};
/* End PBXFrameworksBuildPhase section */

/* Begin PBXGroup section */
		5342451EA050E32B699B327F /* Frameworks */ = {
			isa = PBXGroup;
			children = (
				5B8B91B11B03EADF00C46A40 /* RealmSwift.framework */,
				6283CE49B627565ECC2D5023 /* Pods_rubyconferences.framework */,
				AE73C3B2AA2B0188D65D8B65 /* Pods.framework */,
			);
			name = Frameworks;
			sourceTree = "<group>";
		};
		5BC663291AF3BEE400976284 = {
			isa = PBXGroup;
			children = (
				5BDDDA471B11BA75006C4C28 /* Secrets.swift */,
				5BC663341AF3BEE400976284 /* ConferencesApp */,
				5BC6634A1AF3BEE400976284 /* ConferencesAppTests */,
				5BC663331AF3BEE400976284 /* Products */,
				BC042624C7F8E95130A61890 /* Pods */,
				5342451EA050E32B699B327F /* Frameworks */,
			);
			sourceTree = "<group>";
		};
		5BC663331AF3BEE400976284 /* Products */ = {
			isa = PBXGroup;
			children = (
				5BC663321AF3BEE400976284 /* ConferencesApp.app */,
				5BC663471AF3BEE400976284 /* ConferencesAppTest.xctest */,
				D87319BE1B340DBD00DD4BA2 /* rubyraven.app */,
			);
			name = Products;
			sourceTree = "<group>";
		};
		5BC663341AF3BEE400976284 /* ConferencesApp */ = {
			isa = PBXGroup;
			children = (
				5B6916731BDC1F9A00CAE3F0 /* OrderedDictionary.swift */,
				5B96A4F21BDD685D00601FA8 /* CustomHeaderCell.swift */,
				4155EEC21BCD414900569DC9 /* ConferenceDataStore.swift */,
				5B69AAD51B074DF1001EDAF7 /* Reachability.swift */,
				5BC663371AF3BEE400976284 /* AppDelegate.swift */,
				5BC6633B1AF3BEE400976284 /* Main.storyboard */,
				5BA999711B80A5EB00F81911 /* ConferenceWebViewController.swift */,
				5BB5344C1B642A8F0030CC9D /* ConferenceTableViewController.swift */,
				5BC663591AF3C18800976284 /* MainTableViewController.swift */,
				5B9F56071C065CE90001C6EA /* MainController.swift */,
				5B9F0A5C1AF5023900EE70C8 /* Conference.swift */,
				5BC6633E1AF3BEE400976284 /* Images.xcassets */,
				5BC663401AF3BEE400976284 /* LaunchScreen.xib */,
				5BC663351AF3BEE400976284 /* Supporting Files */,
				5B1F807B1B02997C004B97C5 /* ConferencesApp.xcdatamodeld */,
			);
			path = ConferencesApp;
			sourceTree = "<group>";
		};
		5BC663351AF3BEE400976284 /* Supporting Files */ = {
			isa = PBXGroup;
			children = (
				D87319BF1B340DBD00DD4BA2 /* rubyraven.plist */,
				5BC663361AF3BEE400976284 /* Info.plist */,
			);
			name = "Supporting Files";
			sourceTree = "<group>";
		};
		5BC6634A1AF3BEE400976284 /* ConferencesAppTests */ = {
			isa = PBXGroup;
			children = (
				5BC6634D1AF3BEE400976284 /* ConferencesAppTests.swift */,
				5BC6634B1AF3BEE400976284 /* Supporting Files */,
			);
			path = ConferencesAppTests;
			sourceTree = "<group>";
		};
		5BC6634B1AF3BEE400976284 /* Supporting Files */ = {
			isa = PBXGroup;
			children = (
				5BC6634C1AF3BEE400976284 /* Info.plist */,
			);
			name = "Supporting Files";
			sourceTree = "<group>";
		};
		BC042624C7F8E95130A61890 /* Pods */ = {
			isa = PBXGroup;
			children = (
				145E60EEBD0DFE8CD1CFBA57 /* Pods-rubyconferences.debug.xcconfig */,
				A69EB08D2B05CA427E8456F2 /* Pods-rubyconferences.release.xcconfig */,
				C5804D1E3D17A7AA66EF62B5 /* Pods.debug.xcconfig */,
				244ADA0B84DA02347F850397 /* Pods.release.xcconfig */,
			);
			name = Pods;
			sourceTree = "<group>";
		};
/* End PBXGroup section */

/* Begin PBXNativeTarget section */
		5BC663311AF3BEE400976284 /* ConferencesApp */ = {
			isa = PBXNativeTarget;
			buildConfigurationList = 5BC663511AF3BEE400976284 /* Build configuration list for PBXNativeTarget "ConferencesApp" */;
			buildPhases = (
				63FBECD5BB5315787F4C2197 /* Check Pods Manifest.lock */,
				5BC6632E1AF3BEE400976284 /* Sources */,
				5BC6632F1AF3BEE400976284 /* Frameworks */,
				5BC663301AF3BEE400976284 /* Resources */,
				5B21987E1AF3C3A700F2F39F /* Embed Frameworks */,
				E2FA39267D45B9B4CADF30C9 /* Embed Pods Frameworks */,
				94A3F6A15D46E9BC511F6193 /* Copy Pods Resources */,
			);
			buildRules = (
			);
			dependencies = (
			);
			name = ConferencesApp;
			productName = ConferencesApp;
			productReference = 5BC663321AF3BEE400976284 /* ConferencesApp.app */;
			productType = "com.apple.product-type.application";
		};
		5BC663461AF3BEE400976284 /* ConferencesAppTest */ = {
			isa = PBXNativeTarget;
			buildConfigurationList = 5BC663541AF3BEE400976284 /* Build configuration list for PBXNativeTarget "ConferencesAppTest" */;
			buildPhases = (
				5BC663431AF3BEE400976284 /* Sources */,
				5BC663441AF3BEE400976284 /* Frameworks */,
				5BC663451AF3BEE400976284 /* Resources */,
			);
			buildRules = (
			);
			dependencies = (
				5BC663491AF3BEE400976284 /* PBXTargetDependency */,
			);
			name = ConferencesAppTest;
			productName = ConferencesAppTests;
			productReference = 5BC663471AF3BEE400976284 /* ConferencesAppTest.xctest */;
			productType = "com.apple.product-type.bundle.unit-test";
		};
		D87319A71B340DBD00DD4BA2 /* rubyraven */ = {
			isa = PBXNativeTarget;
			buildConfigurationList = D87319BB1B340DBD00DD4BA2 /* Build configuration list for PBXNativeTarget "rubyraven" */;
			buildPhases = (
				D87319A81B340DBD00DD4BA2 /* Check Pods Manifest.lock */,
				D87319A91B340DBD00DD4BA2 /* Sources */,
				D87319B21B340DBD00DD4BA2 /* Frameworks */,
				D87319B41B340DBD00DD4BA2 /* Resources */,
				D87319B81B340DBD00DD4BA2 /* Embed Frameworks */,
				5B24E6DA1BB7ED4B00F97FBE /* Version Number */,
				D87319B91B340DBD00DD4BA2 /* Embed Pods Frameworks */,
				D87319BA1B340DBD00DD4BA2 /* Copy Pods Resources */,
			);
			buildRules = (
			);
			dependencies = (
			);
			name = rubyraven;
			productName = ConferencesApp;
			productReference = D87319BE1B340DBD00DD4BA2 /* rubyraven.app */;
			productType = "com.apple.product-type.application";
		};
/* End PBXNativeTarget section */

/* Begin PBXProject section */
		5BC6632A1AF3BEE400976284 /* Project object */ = {
			isa = PBXProject;
			attributes = {
				LastSwiftMigration = 0700;
				LastSwiftUpdateCheck = 0700;
				LastUpgradeCheck = 0700;
				TargetAttributes = {
					5BC663311AF3BEE400976284 = {
						CreatedOnToolsVersion = 6.3.1;
						DevelopmentTeam = QF7QATQNHD;
					};
					5BC663461AF3BEE400976284 = {
						CreatedOnToolsVersion = 6.3.1;
						TestTargetID = 5BC663311AF3BEE400976284;
					};
				};
			};
			buildConfigurationList = 5BC6632D1AF3BEE400976284 /* Build configuration list for PBXProject "ConferencesApp" */;
			compatibilityVersion = "Xcode 3.2";
			developmentRegion = English;
			hasScannedForEncodings = 0;
			knownRegions = (
				en,
				Base,
			);
			mainGroup = 5BC663291AF3BEE400976284;
			productRefGroup = 5BC663331AF3BEE400976284 /* Products */;
			projectDirPath = "";
			projectRoot = "";
			targets = (
				5BC663311AF3BEE400976284 /* ConferencesApp */,
				5BC663461AF3BEE400976284 /* ConferencesAppTest */,
				D87319A71B340DBD00DD4BA2 /* rubyraven */,
			);
		};
/* End PBXProject section */

/* Begin PBXResourcesBuildPhase section */
		5BC663301AF3BEE400976284 /* Resources */ = {
			isa = PBXResourcesBuildPhase;
			buildActionMask = 2147483647;
			files = (
				5BC6633D1AF3BEE400976284 /* Main.storyboard in Resources */,
				5BC663421AF3BEE400976284 /* LaunchScreen.xib in Resources */,
				5BC6633F1AF3BEE400976284 /* Images.xcassets in Resources */,
			);
			runOnlyForDeploymentPostprocessing = 0;
		};
		5BC663451AF3BEE400976284 /* Resources */ = {
			isa = PBXResourcesBuildPhase;
			buildActionMask = 2147483647;
			files = (
				5BA999701B809C9500F81911 /* Main.storyboard in Resources */,
			);
			runOnlyForDeploymentPostprocessing = 0;
		};
		D87319B41B340DBD00DD4BA2 /* Resources */ = {
			isa = PBXResourcesBuildPhase;
			buildActionMask = 2147483647;
			files = (
				D87319B51B340DBD00DD4BA2 /* Main.storyboard in Resources */,
				D87319B61B340DBD00DD4BA2 /* LaunchScreen.xib in Resources */,
				D87319B71B340DBD00DD4BA2 /* Images.xcassets in Resources */,
			);
			runOnlyForDeploymentPostprocessing = 0;
		};
/* End PBXResourcesBuildPhase section */

/* Begin PBXShellScriptBuildPhase section */
		5B24E6DA1BB7ED4B00F97FBE /* Version Number */ = {
			isa = PBXShellScriptBuildPhase;
			buildActionMask = 2147483647;
			files = (
			);
			inputPaths = (
			);
			name = "Version Number";
			outputPaths = (
			);
			runOnlyForDeploymentPostprocessing = 0;
			shellPath = /bin/sh;
			shellScript = "git=`sh /etc/profile; which git`\nbranch_name=`$git symbolic-ref HEAD | sed -e 's,.*/\\\\(.*\\\\),\\\\1,'`\ngit_count=`$git rev-list $branch_name |wc -l | sed 's/^ *//;s/ *$//'`\nsimple_branch_name=`$git rev-parse --abbrev-ref HEAD`\n\nbuild_number=\"$git_count\"\nif [ $CONFIGURATION != \"Release\" ]; then\nbuild_number+=\"-$simple_branch_name\"\nfi\n\nplist=\"${TARGET_BUILD_DIR}/${INFOPLIST_PATH}\"\ndsym_plist=\"${DWARF_DSYM_FOLDER_PATH}/${DWARF_DSYM_FILE_NAME}/Contents/Info.plist\"\n\n/usr/libexec/PlistBuddy -c \"Set :CFBundleVersion $build_number\" \"$plist\"\nif [ -f \"$DSYM_INFO_PLIST\" ] ; then\n/usr/libexec/PlistBuddy -c \"Set :CFBundleVersion $build_number\" \"$dsym_plist\"\nfi";
		};
		63FBECD5BB5315787F4C2197 /* Check Pods Manifest.lock */ = {
			isa = PBXShellScriptBuildPhase;
			buildActionMask = 2147483647;
			files = (
			);
			inputPaths = (
			);
			name = "Check Pods Manifest.lock";
			outputPaths = (
			);
			runOnlyForDeploymentPostprocessing = 0;
			shellPath = /bin/sh;
			shellScript = "diff \"${PODS_ROOT}/../Podfile.lock\" \"${PODS_ROOT}/Manifest.lock\" > /dev/null\nif [[ $? != 0 ]] ; then\n    cat << EOM\nerror: The sandbox is not in sync with the Podfile.lock. Run 'pod install' or update your CocoaPods installation.\nEOM\n    exit 1\nfi";
			showEnvVarsInLog = 0;
		};
		94A3F6A15D46E9BC511F6193 /* Copy Pods Resources */ = {
			isa = PBXShellScriptBuildPhase;
			buildActionMask = 2147483647;
			files = (
			);
			inputPaths = (
			);
			name = "Copy Pods Resources";
			outputPaths = (
			);
			runOnlyForDeploymentPostprocessing = 0;
			shellPath = /bin/sh;
			shellScript = "\"${SRCROOT}/Pods/Target Support Files/Pods/Pods-resources.sh\"\n";
			showEnvVarsInLog = 0;
		};
		D87319A81B340DBD00DD4BA2 /* Check Pods Manifest.lock */ = {
			isa = PBXShellScriptBuildPhase;
			buildActionMask = 2147483647;
			files = (
			);
			inputPaths = (
			);
			name = "Check Pods Manifest.lock";
			outputPaths = (
			);
			runOnlyForDeploymentPostprocessing = 0;
			shellPath = /bin/sh;
			shellScript = "diff \"${PODS_ROOT}/../Podfile.lock\" \"${PODS_ROOT}/Manifest.lock\" > /dev/null\nif [[ $? != 0 ]] ; then\n    cat << EOM\nerror: The sandbox is not in sync with the Podfile.lock. Run 'pod install' or update your CocoaPods installation.\nEOM\n    exit 1\nfi";
			showEnvVarsInLog = 0;
		};
		D87319B91B340DBD00DD4BA2 /* Embed Pods Frameworks */ = {
			isa = PBXShellScriptBuildPhase;
			buildActionMask = 2147483647;
			files = (
			);
			inputPaths = (
			);
			name = "Embed Pods Frameworks";
			outputPaths = (
			);
			runOnlyForDeploymentPostprocessing = 0;
			shellPath = /bin/sh;
			shellScript = "\"${SRCROOT}/Pods/Target Support Files/Pods/Pods-frameworks.sh\"\n";
			showEnvVarsInLog = 0;
		};
		D87319BA1B340DBD00DD4BA2 /* Copy Pods Resources */ = {
			isa = PBXShellScriptBuildPhase;
			buildActionMask = 2147483647;
			files = (
			);
			inputPaths = (
			);
			name = "Copy Pods Resources";
			outputPaths = (
			);
			runOnlyForDeploymentPostprocessing = 0;
			shellPath = /bin/sh;
			shellScript = "\"${SRCROOT}/Pods/Target Support Files/Pods/Pods-resources.sh\"\n";
			showEnvVarsInLog = 0;
		};
		E2FA39267D45B9B4CADF30C9 /* Embed Pods Frameworks */ = {
			isa = PBXShellScriptBuildPhase;
			buildActionMask = 2147483647;
			files = (
			);
			inputPaths = (
			);
			name = "Embed Pods Frameworks";
			outputPaths = (
			);
			runOnlyForDeploymentPostprocessing = 0;
			shellPath = /bin/sh;
			shellScript = "\"${SRCROOT}/Pods/Target Support Files/Pods/Pods-frameworks.sh\"\n";
			showEnvVarsInLog = 0;
		};
/* End PBXShellScriptBuildPhase section */

/* Begin PBXSourcesBuildPhase section */
		5BC6632E1AF3BEE400976284 /* Sources */ = {
			isa = PBXSourcesBuildPhase;
			buildActionMask = 2147483647;
			files = (
				5B96A4F31BDD685D00601FA8 /* CustomHeaderCell.swift in Sources */,
				5B1F807D1B02997C004B97C5 /* ConferencesApp.xcdatamodeld in Sources */,
				5BB5344D1B642A8F0030CC9D /* ConferenceTableViewController.swift in Sources */,
				5BDDDA481B11BA75006C4C28 /* Secrets.swift in Sources */,
				5B9F56081C065CE90001C6EA /* MainController.swift in Sources */,
				4155EEC31BCD414900569DC9 /* ConferenceDataStore.swift in Sources */,
				5BC6635A1AF3C18800976284 /* MainTableViewController.swift in Sources */,
				5BA999721B80A5EB00F81911 /* ConferenceWebViewController.swift in Sources */,
				5B69AAD61B074DF1001EDAF7 /* Reachability.swift in Sources */,
				5B6916741BDC1F9A00CAE3F0 /* OrderedDictionary.swift in Sources */,
				5BC663381AF3BEE400976284 /* AppDelegate.swift in Sources */,
				5B9F0A5D1AF5023900EE70C8 /* Conference.swift in Sources */,
			);
			runOnlyForDeploymentPostprocessing = 0;
		};
		5BC663431AF3BEE400976284 /* Sources */ = {
			isa = PBXSourcesBuildPhase;
			buildActionMask = 2147483647;
			files = (
				5BC6634E1AF3BEE400976284 /* ConferencesAppTests.swift in Sources */,
				5BA999731B80A65600F81911 /* ConferenceWebViewController.swift in Sources */,
			);
			runOnlyForDeploymentPostprocessing = 0;
		};
		D87319A91B340DBD00DD4BA2 /* Sources */ = {
			isa = PBXSourcesBuildPhase;
			buildActionMask = 2147483647;
			files = (
				5B96A4F41BDD685D00601FA8 /* CustomHeaderCell.swift in Sources */,
				5BB534511B64321B0030CC9D /* ConferenceTableViewController.swift in Sources */,
				D87319AA1B340DBD00DD4BA2 /* ConferencesApp.xcdatamodeld in Sources */,
				D87319AB1B340DBD00DD4BA2 /* Secrets.swift in Sources */,
				4155EEC41BCD414900569DC9 /* ConferenceDataStore.swift in Sources */,
				5BA999741B80A65800F81911 /* ConferenceWebViewController.swift in Sources */,
				D87319AE1B340DBD00DD4BA2 /* MainTableViewController.swift in Sources */,
				D87319AF1B340DBD00DD4BA2 /* Reachability.swift in Sources */,
				5B6916751BDC1F9A00CAE3F0 /* OrderedDictionary.swift in Sources */,
				D87319B01B340DBD00DD4BA2 /* AppDelegate.swift in Sources */,
				D87319B11B340DBD00DD4BA2 /* Conference.swift in Sources */,
			);
			runOnlyForDeploymentPostprocessing = 0;
		};
/* End PBXSourcesBuildPhase section */

/* Begin PBXTargetDependency section */
		5BC663491AF3BEE400976284 /* PBXTargetDependency */ = {
			isa = PBXTargetDependency;
			target = 5BC663311AF3BEE400976284 /* ConferencesApp */;
			targetProxy = 5BC663481AF3BEE400976284 /* PBXContainerItemProxy */;
		};
/* End PBXTargetDependency section */

/* Begin PBXVariantGroup section */
		5BC6633B1AF3BEE400976284 /* Main.storyboard */ = {
			isa = PBXVariantGroup;
			children = (
				5BC6633C1AF3BEE400976284 /* Base */,
			);
			name = Main.storyboard;
			sourceTree = "<group>";
		};
		5BC663401AF3BEE400976284 /* LaunchScreen.xib */ = {
			isa = PBXVariantGroup;
			children = (
				5BC663411AF3BEE400976284 /* Base */,
			);
			name = LaunchScreen.xib;
			sourceTree = "<group>";
		};
/* End PBXVariantGroup section */

/* Begin XCBuildConfiguration section */
		5BC6634F1AF3BEE400976284 /* Debug */ = {
			isa = XCBuildConfiguration;
			buildSettings = {
				ALWAYS_SEARCH_USER_PATHS = NO;
				CLANG_CXX_LANGUAGE_STANDARD = "gnu++0x";
				CLANG_CXX_LIBRARY = "libc++";
				CLANG_ENABLE_MODULES = YES;
				CLANG_ENABLE_OBJC_ARC = YES;
				CLANG_WARN_BOOL_CONVERSION = YES;
				CLANG_WARN_CONSTANT_CONVERSION = YES;
				CLANG_WARN_DIRECT_OBJC_ISA_USAGE = YES_ERROR;
				CLANG_WARN_EMPTY_BODY = YES;
				CLANG_WARN_ENUM_CONVERSION = YES;
				CLANG_WARN_INT_CONVERSION = YES;
				CLANG_WARN_OBJC_ROOT_CLASS = YES_ERROR;
				CLANG_WARN_UNREACHABLE_CODE = YES;
				CLANG_WARN__DUPLICATE_METHOD_MATCH = YES;
				"CODE_SIGN_IDENTITY[sdk=iphoneos*]" = "iPhone Developer";
				COPY_PHASE_STRIP = NO;
				DEBUG_INFORMATION_FORMAT = "dwarf-with-dsym";
				ENABLE_STRICT_OBJC_MSGSEND = YES;
				ENABLE_TESTABILITY = YES;
				GCC_C_LANGUAGE_STANDARD = gnu99;
				GCC_DYNAMIC_NO_PIC = NO;
				GCC_NO_COMMON_BLOCKS = YES;
				GCC_OPTIMIZATION_LEVEL = 0;
				GCC_PREPROCESSOR_DEFINITIONS = (
					"DEBUG=1",
					"$(inherited)",
				);
				GCC_SYMBOLS_PRIVATE_EXTERN = NO;
				GCC_WARN_64_TO_32_BIT_CONVERSION = YES;
				GCC_WARN_ABOUT_RETURN_TYPE = YES_ERROR;
				GCC_WARN_UNDECLARED_SELECTOR = YES;
				GCC_WARN_UNINITIALIZED_AUTOS = YES_AGGRESSIVE;
				GCC_WARN_UNUSED_FUNCTION = YES;
				GCC_WARN_UNUSED_VARIABLE = YES;
				IPHONEOS_DEPLOYMENT_TARGET = 8.0;
				MTL_ENABLE_DEBUG_INFO = YES;
				ONLY_ACTIVE_ARCH = YES;
				SDKROOT = iphoneos;
				SWIFT_OPTIMIZATION_LEVEL = "-Onone";
			};
			name = Debug;
		};
		5BC663501AF3BEE400976284 /* Release */ = {
			isa = XCBuildConfiguration;
			buildSettings = {
				ALWAYS_SEARCH_USER_PATHS = NO;
				CLANG_CXX_LANGUAGE_STANDARD = "gnu++0x";
				CLANG_CXX_LIBRARY = "libc++";
				CLANG_ENABLE_MODULES = YES;
				CLANG_ENABLE_OBJC_ARC = YES;
				CLANG_WARN_BOOL_CONVERSION = YES;
				CLANG_WARN_CONSTANT_CONVERSION = YES;
				CLANG_WARN_DIRECT_OBJC_ISA_USAGE = YES_ERROR;
				CLANG_WARN_EMPTY_BODY = YES;
				CLANG_WARN_ENUM_CONVERSION = YES;
				CLANG_WARN_INT_CONVERSION = YES;
				CLANG_WARN_OBJC_ROOT_CLASS = YES_ERROR;
				CLANG_WARN_UNREACHABLE_CODE = YES;
				CLANG_WARN__DUPLICATE_METHOD_MATCH = YES;
				"CODE_SIGN_IDENTITY[sdk=iphoneos*]" = "iPhone Developer";
				COPY_PHASE_STRIP = NO;
				DEBUG_INFORMATION_FORMAT = "dwarf-with-dsym";
				ENABLE_NS_ASSERTIONS = NO;
				ENABLE_STRICT_OBJC_MSGSEND = YES;
				GCC_C_LANGUAGE_STANDARD = gnu99;
				GCC_NO_COMMON_BLOCKS = YES;
				GCC_WARN_64_TO_32_BIT_CONVERSION = YES;
				GCC_WARN_ABOUT_RETURN_TYPE = YES_ERROR;
				GCC_WARN_UNDECLARED_SELECTOR = YES;
				GCC_WARN_UNINITIALIZED_AUTOS = YES_AGGRESSIVE;
				GCC_WARN_UNUSED_FUNCTION = YES;
				GCC_WARN_UNUSED_VARIABLE = YES;
				IPHONEOS_DEPLOYMENT_TARGET = 8.0;
				MTL_ENABLE_DEBUG_INFO = NO;
				SDKROOT = iphoneos;
				VALIDATE_PRODUCT = YES;
			};
			name = Release;
		};
		5BC663521AF3BEE400976284 /* Debug */ = {
			isa = XCBuildConfiguration;
			baseConfigurationReference = C5804D1E3D17A7AA66EF62B5 /* Pods.debug.xcconfig */;
			buildSettings = {
				CODE_SIGN_IDENTITY = "iPhone Developer";
				"CODE_SIGN_IDENTITY[sdk=iphoneos*]" = "iPhone Developer";
				FRAMEWORK_SEARCH_PATHS = "$(inherited)";
				INFOPLIST_FILE = "$(SRCROOT)/ConferencesApp/Info.plist";
				IPHONEOS_DEPLOYMENT_TARGET = 8.0;
				LD_RUNPATH_SEARCH_PATHS = "$(inherited) @executable_path/Frameworks";
				PRODUCT_BUNDLE_IDENTIFIER = ConferencesApp;
				PRODUCT_NAME = ConferencesApp;
				PROVISIONING_PROFILE = "cffa701e-51e6-4138-900e-c1766b1dab65";
				TARGETED_DEVICE_FAMILY = "1,2";
			};
			name = Debug;
		};
		5BC663531AF3BEE400976284 /* Release */ = {
			isa = XCBuildConfiguration;
			baseConfigurationReference = 244ADA0B84DA02347F850397 /* Pods.release.xcconfig */;
			buildSettings = {
				CODE_SIGN_IDENTITY = "iPhone Developer";
				"CODE_SIGN_IDENTITY[sdk=iphoneos*]" = "iPhone Developer";
				FRAMEWORK_SEARCH_PATHS = "$(inherited)";
				INFOPLIST_FILE = "$(SRCROOT)/ConferencesApp/Info.plist";
				IPHONEOS_DEPLOYMENT_TARGET = 8.0;
				LD_RUNPATH_SEARCH_PATHS = "$(inherited) @executable_path/Frameworks";
				PRODUCT_BUNDLE_IDENTIFIER = ConferencesApp;
				PRODUCT_NAME = ConferencesApp;
				PROVISIONING_PROFILE = "42792e4c-052d-4088-875b-c5631b27392e";
				TARGETED_DEVICE_FAMILY = "1,2";
			};
			name = Release;
		};
		5BC663551AF3BEE400976284 /* Debug */ = {
			isa = XCBuildConfiguration;
			buildSettings = {
				BUNDLE_LOADER = "$(TEST_HOST)";
				FRAMEWORK_SEARCH_PATHS = (
					"$(SDKROOT)/Developer/Library/Frameworks",
					"$(inherited)",
				);
				GCC_PREPROCESSOR_DEFINITIONS = (
					"DEBUG=1",
					"$(inherited)",
				);
				INFOPLIST_FILE = ConferencesAppTests/Info.plist;
				LD_RUNPATH_SEARCH_PATHS = "$(inherited) @executable_path/Frameworks @loader_path/Frameworks";
				PRODUCT_BUNDLE_IDENTIFIER = "$(PRODUCT_NAME:rfc1034identifier)";
				PRODUCT_NAME = "$(TARGET_NAME)";
				TEST_HOST = "$(BUILT_PRODUCTS_DIR)/ConferencesApp.app/ConferencesApp";
			};
			name = Debug;
		};
		5BC663561AF3BEE400976284 /* Release */ = {
			isa = XCBuildConfiguration;
			buildSettings = {
				BUNDLE_LOADER = "$(TEST_HOST)";
				FRAMEWORK_SEARCH_PATHS = (
					"$(SDKROOT)/Developer/Library/Frameworks",
					"$(inherited)",
				);
				INFOPLIST_FILE = ConferencesAppTests/Info.plist;
				LD_RUNPATH_SEARCH_PATHS = "$(inherited) @executable_path/Frameworks @loader_path/Frameworks";
				PRODUCT_BUNDLE_IDENTIFIER = "$(PRODUCT_NAME:rfc1034identifier)";
				PRODUCT_NAME = "$(TARGET_NAME)";
				TEST_HOST = "$(BUILT_PRODUCTS_DIR)/ConferencesApp.app/ConferencesApp";
			};
			name = Release;
		};
		D87319BC1B340DBD00DD4BA2 /* Debug */ = {
			isa = XCBuildConfiguration;
			baseConfigurationReference = C5804D1E3D17A7AA66EF62B5 /* Pods.debug.xcconfig */;
			buildSettings = {
				ASSETCATALOG_COMPILER_APPICON_NAME = rubyraven;
				CODE_SIGN_IDENTITY = "iPhone Developer";
				"CODE_SIGN_IDENTITY[sdk=iphoneos*]" = "iPhone Developer";
				FRAMEWORK_SEARCH_PATHS = "$(inherited)";
				INFOPLIST_FILE = "$(SRCROOT)/ConferencesApp/rubyraven.plist";
				IPHONEOS_DEPLOYMENT_TARGET = 8.3;
				LD_RUNPATH_SEARCH_PATHS = "$(inherited) @executable_path/Frameworks";
				PRODUCT_BUNDLE_IDENTIFIER = rubyconferences;
				PRODUCT_NAME = rubyraven;
				PROVISIONING_PROFILE = "cffa701e-51e6-4138-900e-c1766b1dab65";
				TARGETED_DEVICE_FAMILY = "1,2";
			};
			name = Debug;
		};
		D87319BD1B340DBD00DD4BA2 /* Release */ = {
			isa = XCBuildConfiguration;
			baseConfigurationReference = 244ADA0B84DA02347F850397 /* Pods.release.xcconfig */;
			buildSettings = {
				ASSETCATALOG_COMPILER_APPICON_NAME = rubyraven;
				CODE_SIGN_IDENTITY = "iPhone Developer";
				"CODE_SIGN_IDENTITY[sdk=iphoneos*]" = "iPhone Developer";
				FRAMEWORK_SEARCH_PATHS = "$(inherited)";
				INFOPLIST_FILE = "$(SRCROOT)/ConferencesApp/rubyraven.plist";
				IPHONEOS_DEPLOYMENT_TARGET = 8.3;
				LD_RUNPATH_SEARCH_PATHS = "$(inherited) @executable_path/Frameworks";
				PRODUCT_BUNDLE_IDENTIFIER = rubyconferences;
				PRODUCT_NAME = rubyraven;
				PROVISIONING_PROFILE = "42792e4c-052d-4088-875b-c5631b27392e";
				TARGETED_DEVICE_FAMILY = "1,2";
			};
			name = Release;
		};
/* End XCBuildConfiguration section */

/* Begin XCConfigurationList section */
		5BC6632D1AF3BEE400976284 /* Build configuration list for PBXProject "ConferencesApp" */ = {
			isa = XCConfigurationList;
			buildConfigurations = (
				5BC6634F1AF3BEE400976284 /* Debug */,
				5BC663501AF3BEE400976284 /* Release */,
			);
			defaultConfigurationIsVisible = 0;
			defaultConfigurationName = Release;
		};
		5BC663511AF3BEE400976284 /* Build configuration list for PBXNativeTarget "ConferencesApp" */ = {
			isa = XCConfigurationList;
			buildConfigurations = (
				5BC663521AF3BEE400976284 /* Debug */,
				5BC663531AF3BEE400976284 /* Release */,
			);
			defaultConfigurationIsVisible = 0;
			defaultConfigurationName = Release;
		};
		5BC663541AF3BEE400976284 /* Build configuration list for PBXNativeTarget "ConferencesAppTest" */ = {
			isa = XCConfigurationList;
			buildConfigurations = (
				5BC663551AF3BEE400976284 /* Debug */,
				5BC663561AF3BEE400976284 /* Release */,
			);
			defaultConfigurationIsVisible = 0;
			defaultConfigurationName = Release;
		};
		D87319BB1B340DBD00DD4BA2 /* Build configuration list for PBXNativeTarget "rubyraven" */ = {
			isa = XCConfigurationList;
			buildConfigurations = (
				D87319BC1B340DBD00DD4BA2 /* Debug */,
				D87319BD1B340DBD00DD4BA2 /* Release */,
			);
			defaultConfigurationIsVisible = 0;
			defaultConfigurationName = Release;
		};
/* End XCConfigurationList section */

/* Begin XCVersionGroup section */
		5B1F807B1B02997C004B97C5 /* ConferencesApp.xcdatamodeld */ = {
			isa = XCVersionGroup;
			children = (
				5B1F807C1B02997C004B97C5 /* ConferencesApp.xcdatamodel */,
			);
			currentVersion = 5B1F807C1B02997C004B97C5 /* ConferencesApp.xcdatamodel */;
			path = ConferencesApp.xcdatamodeld;
			sourceTree = "<group>";
			versionGroupType = wrapper.xcdatamodel;
		};
/* End XCVersionGroup section */
	};
	rootObject = 5BC6632A1AF3BEE400976284 /* Project object */;
}
